
Microsoft Visual Studio Solution File, Format Version 12.00
# Visual Studio Version 17
VisualStudioVersion = 17.13.35818.85 d17.13
MinimumVisualStudioVersion = 10.0.40219.1
Project("{FAE04EC0-301F-11D3-BF4B-00C04F79EFBC}") = "MathGameConsole", "MathGameConsole\MathGameConsole.csproj", "{81EDC327-8E01-40A1-8BAD-F4B86EFEFC62}"
EndProject
Global
	GlobalSection(SolutionConfigurationPlatforms) = preSolution
		Debug|Any CPU = Debug|Any CPU
		Release|Any CPU = Release|Any CPU
	EndGlobalSection
	GlobalSection(ProjectConfigurationPlatforms) = postSolution
		{81EDC327-8E01-40A1-8BAD-F4B86EFEFC62}.Debug|Any CPU.ActiveCfg = Debug|Any CPU
		{81EDC327-8E01-40A1-8BAD-F4B86EFEFC62}.Debug|Any CPU.Build.0 = Debug|Any CPU
		{81EDC327-8E01-40A1-8BAD-F4B86EFEFC62}.Release|Any CPU.ActiveCfg = Release|Any CPU
		{81EDC327-8E01-40A1-8BAD-F4B86EFEFC62}.Release|Any CPU.Build.0 = Release|Any CPU
	EndGlobalSection
	GlobalSection(SolutionProperties) = preSolution
		HideSolutionNode = FALSE
	EndGlobalSection
	GlobalSection(ExtensibilityGlobals) = postSolution
		SolutionGuid = {FDAA7B37-5764-4FA8-9421-A0E1685E798C}
	EndGlobalSection
EndGlobal
